{
  "version": 4,
  "terraform_version": "0.15.4",
  "serial": 112,
  "lineage": "a7e22075-b99b-5a57-51f0-601e32519099",
  "outputs": {
    "sulabs_terraform_jumpbox_public_ip": {
      "value": "40.89.168.145",
      "type": "string"
    },
    "sulabs_terraform_lb_public_ip": {
      "value": "40.89.130.156",
      "type": "string"
    },
    "sulabs_terraform_src_public_fqdn": {
      "value": "pqfazt.francecentral.cloudapp.azure.com",
      "type": "string"
    }
  },
  "resources": [
    {
      "mode": "managed",
      "type": "azurerm_availability_set",
      "name": "sulabs_src_terraform_avset",
      "provider": "provider[\"registry.terraform.io/hashicorp/azurerm\"]",
      "instances": [
        {
          "schema_version": 0,
          "attributes": {
            "id": "/subscriptions/ead9421c-092d-4518-bbce-2bfaa44590f5/resourceGroups/terraform-src/providers/Microsoft.Compute/availabilitySets/terraform_sulabs_src_avset",
            "location": "francecentral",
            "managed": true,
            "name": "terraform_sulabs_src_avset",
            "platform_fault_domain_count": 2,
            "platform_update_domain_count": 2,
            "proximity_placement_group_id": null,
            "resource_group_name": "terraform-src",
            "tags": null,
            "timeouts": null
          },
          "sensitive_attributes": [],
          "private": "eyJlMmJmYjczMC1lY2FhLTExZTYtOGY4OC0zNDM2M2JjN2M0YzAiOnsiY3JlYXRlIjoxODAwMDAwMDAwMDAwLCJkZWxldGUiOjE4MDAwMDAwMDAwMDAsInJlYWQiOjMwMDAwMDAwMDAwMCwidXBkYXRlIjoxODAwMDAwMDAwMDAwfX0="
        }
      ]
    },
    {
      "mode": "managed",
      "type": "azurerm_lb",
      "name": "sulabs_src_terrafrom_app_lb",
      "provider": "provider[\"registry.terraform.io/hashicorp/azurerm\"]",
      "instances": [
        {
          "schema_version": 0,
          "attributes": {
            "frontend_ip_configuration": [
              {
                "id": "/subscriptions/ead9421c-092d-4518-bbce-2bfaa44590f5/resourceGroups/terraform-src/providers/Microsoft.Network/loadBalancers/terrafrom_sulabs_src_loadbalancer/frontendIPConfigurations/terrafrom_sulabs_src_lb_public_ip",
                "inbound_nat_rules": [],
                "load_balancer_rules": [],
                "name": "terrafrom_sulabs_src_lb_public_ip",
                "outbound_rules": [],
                "private_ip_address": "",
                "private_ip_address_allocation": "Dynamic",
                "private_ip_address_version": "IPv4",
                "public_ip_address_id": "/subscriptions/ead9421c-092d-4518-bbce-2bfaa44590f5/resourceGroups/terraform-src/providers/Microsoft.Network/publicIPAddresses/terraform_sulabs_src_public_ip",
                "public_ip_prefix_id": "",
                "subnet_id": "",
                "zones": null
              }
            ],
            "id": "/subscriptions/ead9421c-092d-4518-bbce-2bfaa44590f5/resourceGroups/terraform-src/providers/Microsoft.Network/loadBalancers/terrafrom_sulabs_src_loadbalancer",
            "location": "francecentral",
            "name": "terrafrom_sulabs_src_loadbalancer",
            "private_ip_address": "",
            "private_ip_addresses": [],
            "resource_group_name": "terraform-src",
            "sku": "Basic",
            "tags": null,
            "timeouts": null
          },
          "sensitive_attributes": [],
          "private": "eyJlMmJmYjczMC1lY2FhLTExZTYtOGY4OC0zNDM2M2JjN2M0YzAiOnsiY3JlYXRlIjoxODAwMDAwMDAwMDAwLCJkZWxldGUiOjE4MDAwMDAwMDAwMDAsInJlYWQiOjMwMDAwMDAwMDAwMCwidXBkYXRlIjoxODAwMDAwMDAwMDAwfX0=",
          "dependencies": [
            "azurerm_public_ip.sulabs_src_terraform",
            "random_string.fqdn"
          ]
        }
      ]
    },
    {
      "mode": "managed",
      "type": "azurerm_lb_backend_address_pool",
      "name": "sulabs_src_terraform_backendpool",
      "provider": "provider[\"registry.terraform.io/hashicorp/azurerm\"]",
      "instances": [
        {
          "schema_version": 0,
          "attributes": {
            "backend_address": [],
            "backend_ip_configurations": [],
            "id": "/subscriptions/ead9421c-092d-4518-bbce-2bfaa44590f5/resourceGroups/terraform-src/providers/Microsoft.Network/loadBalancers/terrafrom_sulabs_src_loadbalancer/backendAddressPools/sulabs_src_terrafrom_backend_addresspool",
            "load_balancing_rules": [],
            "loadbalancer_id": "/subscriptions/ead9421c-092d-4518-bbce-2bfaa44590f5/resourceGroups/terraform-src/providers/Microsoft.Network/loadBalancers/terrafrom_sulabs_src_loadbalancer",
            "name": "sulabs_src_terrafrom_backend_addresspool",
            "outbound_rules": [],
            "resource_group_name": "terraform-src",
            "timeouts": null
          },
          "sensitive_attributes": [],
          "private": "eyJlMmJmYjczMC1lY2FhLTExZTYtOGY4OC0zNDM2M2JjN2M0YzAiOnsiY3JlYXRlIjoxODAwMDAwMDAwMDAwLCJkZWxldGUiOjE4MDAwMDAwMDAwMDAsInJlYWQiOjMwMDAwMDAwMDAwMCwidXBkYXRlIjoxODAwMDAwMDAwMDAwfX0=",
          "dependencies": [
            "azurerm_lb.sulabs_src_terrafrom_app_lb",
            "azurerm_public_ip.sulabs_src_terraform",
            "random_string.fqdn"
          ]
        }
      ]
    },
    {
      "mode": "managed",
      "type": "azurerm_lb_rule",
      "name": "sulabs_src_terrafrom_lb_nat_rule",
      "provider": "provider[\"registry.terraform.io/hashicorp/azurerm\"]",
      "instances": [
        {
          "schema_version": 0,
          "attributes": {
            "backend_address_pool_id": "/subscriptions/ead9421c-092d-4518-bbce-2bfaa44590f5/resourceGroups/terraform-src/providers/Microsoft.Network/loadBalancers/terrafrom_sulabs_src_loadbalancer/backendAddressPools/sulabs_src_terrafrom_backend_addresspool",
            "backend_port": 80,
            "disable_outbound_snat": false,
            "enable_floating_ip": false,
            "enable_tcp_reset": false,
            "frontend_ip_configuration_id": "/subscriptions/ead9421c-092d-4518-bbce-2bfaa44590f5/resourceGroups/terraform-src/providers/Microsoft.Network/loadBalancers/terrafrom_sulabs_src_loadbalancer/frontendIPConfigurations/terrafrom_sulabs_src_lb_public_ip",
            "frontend_ip_configuration_name": "terrafrom_sulabs_src_lb_public_ip",
            "frontend_port": 80,
            "id": "/subscriptions/ead9421c-092d-4518-bbce-2bfaa44590f5/resourceGroups/terraform-src/providers/Microsoft.Network/loadBalancers/terrafrom_sulabs_src_loadbalancer/loadBalancingRules/HTTP",
            "idle_timeout_in_minutes": 4,
            "load_distribution": "Default",
            "loadbalancer_id": "/subscriptions/ead9421c-092d-4518-bbce-2bfaa44590f5/resourceGroups/terraform-src/providers/Microsoft.Network/loadBalancers/terrafrom_sulabs_src_loadbalancer",
            "name": "HTTP",
            "probe_id": "",
            "protocol": "Tcp",
            "resource_group_name": "terraform-src",
            "timeouts": null
          },
          "sensitive_attributes": [],
          "private": "eyJlMmJmYjczMC1lY2FhLTExZTYtOGY4OC0zNDM2M2JjN2M0YzAiOnsiY3JlYXRlIjoxODAwMDAwMDAwMDAwLCJkZWxldGUiOjE4MDAwMDAwMDAwMDAsInJlYWQiOjMwMDAwMDAwMDAwMCwidXBkYXRlIjoxODAwMDAwMDAwMDAwfX0=",
          "dependencies": [
            "azurerm_lb.sulabs_src_terrafrom_app_lb",
            "azurerm_lb_backend_address_pool.sulabs_src_terraform_backendpool",
            "azurerm_public_ip.sulabs_src_terraform",
            "random_string.fqdn"
          ]
        }
      ]
    },
    {
      "mode": "managed",
      "type": "azurerm_network_interface",
      "name": "sulabs_src_terraform",
      "provider": "provider[\"registry.terraform.io/hashicorp/azurerm\"]",
      "instances": [
        {
          "index_key": 0,
          "schema_version": 0,
          "attributes": {
            "applied_dns_servers": [],
            "dns_servers": [],
            "enable_accelerated_networking": false,
            "enable_ip_forwarding": false,
            "id": "/subscriptions/ead9421c-092d-4518-bbce-2bfaa44590f5/resourceGroups/terraform-src/providers/Microsoft.Network/networkInterfaces/terraform_sulabs_nic_0",
            "internal_dns_name_label": "",
            "internal_domain_name_suffix": "fe5daymttchexmi3zilmvzg45b.parx.internal.cloudapp.net",
            "ip_configuration": [
              {
                "name": "sulabs_src_backend_ip_configuration",
                "primary": true,
                "private_ip_address": "10.0.2.4",
                "private_ip_address_allocation": "Dynamic",
                "private_ip_address_version": "IPv4",
                "public_ip_address_id": "",
                "subnet_id": "/subscriptions/ead9421c-092d-4518-bbce-2bfaa44590f5/resourceGroups/terraform-src/providers/Microsoft.Network/virtualNetworks/terraform_sulabs_src_vnet/subnets/terraform_sulabs_src_subnet"
              }
            ],
            "location": "francecentral",
            "mac_address": "",
            "name": "terraform_sulabs_nic_0",
            "private_ip_address": "10.0.2.4",
            "private_ip_addresses": [
              "10.0.2.4"
            ],
            "resource_group_name": "terraform-src",
            "tags": null,
            "timeouts": null,
            "virtual_machine_id": ""
          },
          "sensitive_attributes": [],
          "private": "eyJlMmJmYjczMC1lY2FhLTExZTYtOGY4OC0zNDM2M2JjN2M0YzAiOnsiY3JlYXRlIjoxODAwMDAwMDAwMDAwLCJkZWxldGUiOjE4MDAwMDAwMDAwMDAsInJlYWQiOjMwMDAwMDAwMDAwMCwidXBkYXRlIjoxODAwMDAwMDAwMDAwfX0=",
          "dependencies": [
            "azurerm_subnet.sulabs_src_subnet",
            "azurerm_virtual_network.sulabs_src_vnet"
          ]
        },
        {
          "index_key": 1,
          "schema_version": 0,
          "attributes": {
            "applied_dns_servers": [],
            "dns_servers": [],
            "enable_accelerated_networking": false,
            "enable_ip_forwarding": false,
            "id": "/subscriptions/ead9421c-092d-4518-bbce-2bfaa44590f5/resourceGroups/terraform-src/providers/Microsoft.Network/networkInterfaces/terraform_sulabs_nic_1",
            "internal_dns_name_label": "",
            "internal_domain_name_suffix": "fe5daymttchexmi3zilmvzg45b.parx.internal.cloudapp.net",
            "ip_configuration": [
              {
                "name": "sulabs_src_backend_ip_configuration",
                "primary": true,
                "private_ip_address": "10.0.2.6",
                "private_ip_address_allocation": "Dynamic",
                "private_ip_address_version": "IPv4",
                "public_ip_address_id": "",
                "subnet_id": "/subscriptions/ead9421c-092d-4518-bbce-2bfaa44590f5/resourceGroups/terraform-src/providers/Microsoft.Network/virtualNetworks/terraform_sulabs_src_vnet/subnets/terraform_sulabs_src_subnet"
              }
            ],
            "location": "francecentral",
            "mac_address": "",
            "name": "terraform_sulabs_nic_1",
            "private_ip_address": "10.0.2.6",
            "private_ip_addresses": [
              "10.0.2.6"
            ],
            "resource_group_name": "terraform-src",
            "tags": null,
            "timeouts": null,
            "virtual_machine_id": ""
          },
          "sensitive_attributes": [],
          "private": "eyJlMmJmYjczMC1lY2FhLTExZTYtOGY4OC0zNDM2M2JjN2M0YzAiOnsiY3JlYXRlIjoxODAwMDAwMDAwMDAwLCJkZWxldGUiOjE4MDAwMDAwMDAwMDAsInJlYWQiOjMwMDAwMDAwMDAwMCwidXBkYXRlIjoxODAwMDAwMDAwMDAwfX0=",
          "dependencies": [
            "azurerm_subnet.sulabs_src_subnet",
            "azurerm_virtual_network.sulabs_src_vnet"
          ]
        }
      ]
    },
    {
      "mode": "managed",
      "type": "azurerm_network_interface",
      "name": "sulabs_src_terraform_jumpbox_nic",
      "provider": "provider[\"registry.terraform.io/hashicorp/azurerm\"]",
      "instances": [
        {
          "schema_version": 0,
          "attributes": {
            "applied_dns_servers": [],
            "dns_servers": [],
            "enable_accelerated_networking": false,
            "enable_ip_forwarding": false,
            "id": "/subscriptions/ead9421c-092d-4518-bbce-2bfaa44590f5/resourceGroups/terraform-src/providers/Microsoft.Network/networkInterfaces/terraform_sulabs_jumpbox_nic",
            "internal_dns_name_label": "",
            "internal_domain_name_suffix": "fe5daymttchexmi3zilmvzg45b.parx.internal.cloudapp.net",
            "ip_configuration": [
              {
                "name": "IPConfiguration",
                "primary": true,
                "private_ip_address": "10.0.2.5",
                "private_ip_address_allocation": "Dynamic",
                "private_ip_address_version": "IPv4",
                "public_ip_address_id": "/subscriptions/ead9421c-092d-4518-bbce-2bfaa44590f5/resourceGroups/terraform-src/providers/Microsoft.Network/publicIPAddresses/terraform_sulabs_jumpbox_public_ip",
                "subnet_id": "/subscriptions/ead9421c-092d-4518-bbce-2bfaa44590f5/resourceGroups/terraform-src/providers/Microsoft.Network/virtualNetworks/terraform_sulabs_src_vnet/subnets/terraform_sulabs_src_subnet"
              }
            ],
            "location": "francecentral",
            "mac_address": "",
            "name": "terraform_sulabs_jumpbox_nic",
            "private_ip_address": "10.0.2.5",
            "private_ip_addresses": [
              "10.0.2.5"
            ],
            "resource_group_name": "terraform-src",
            "tags": {
              "environment": "labs"
            },
            "timeouts": null,
            "virtual_machine_id": ""
          },
          "sensitive_attributes": [],
          "private": "eyJlMmJmYjczMC1lY2FhLTExZTYtOGY4OC0zNDM2M2JjN2M0YzAiOnsiY3JlYXRlIjoxODAwMDAwMDAwMDAwLCJkZWxldGUiOjE4MDAwMDAwMDAwMDAsInJlYWQiOjMwMDAwMDAwMDAwMCwidXBkYXRlIjoxODAwMDAwMDAwMDAwfX0=",
          "dependencies": [
            "azurerm_public_ip.sulabs_src_terraform_jumpbox_public_ip",
            "azurerm_subnet.sulabs_src_subnet",
            "azurerm_virtual_network.sulabs_src_vnet",
            "random_string.fqdn"
          ]
        }
      ]
    },
    {
      "mode": "managed",
      "type": "azurerm_network_interface_backend_address_pool_association",
      "name": "sulabs_src_terraform_backend_pool_association",
      "provider": "provider[\"registry.terraform.io/hashicorp/azurerm\"]",
      "instances": [
        {
          "index_key": 0,
          "schema_version": 0,
          "attributes": {
            "backend_address_pool_id": "/subscriptions/ead9421c-092d-4518-bbce-2bfaa44590f5/resourceGroups/terraform-src/providers/Microsoft.Network/loadBalancers/terrafrom_sulabs_src_loadbalancer/backendAddressPools/sulabs_src_terrafrom_backend_addresspool",
            "id": "/subscriptions/ead9421c-092d-4518-bbce-2bfaa44590f5/resourceGroups/terraform-src/providers/Microsoft.Network/networkInterfaces/terraform_sulabs_nic_0/ipConfigurations/sulabs_src_backend_ip_configuration|/subscriptions/ead9421c-092d-4518-bbce-2bfaa44590f5/resourceGroups/terraform-src/providers/Microsoft.Network/loadBalancers/terrafrom_sulabs_src_loadbalancer/backendAddressPools/sulabs_src_terrafrom_backend_addresspool",
            "ip_configuration_name": "sulabs_src_backend_ip_configuration",
            "network_interface_id": "/subscriptions/ead9421c-092d-4518-bbce-2bfaa44590f5/resourceGroups/terraform-src/providers/Microsoft.Network/networkInterfaces/terraform_sulabs_nic_0",
            "timeouts": null
          },
          "sensitive_attributes": [],
          "private": "eyJlMmJmYjczMC1lY2FhLTExZTYtOGY4OC0zNDM2M2JjN2M0YzAiOnsiY3JlYXRlIjoxODAwMDAwMDAwMDAwLCJkZWxldGUiOjE4MDAwMDAwMDAwMDAsInJlYWQiOjMwMDAwMDAwMDAwMCwidXBkYXRlIjoxODAwMDAwMDAwMDAwfX0=",
          "dependencies": [
            "azurerm_lb.sulabs_src_terrafrom_app_lb",
            "azurerm_lb_backend_address_pool.sulabs_src_terraform_backendpool",
            "azurerm_network_interface.sulabs_src_terraform",
            "azurerm_public_ip.sulabs_src_terraform",
            "azurerm_subnet.sulabs_src_subnet",
            "azurerm_virtual_network.sulabs_src_vnet",
            "random_string.fqdn"
          ]
        },
        {
          "index_key": 1,
          "schema_version": 0,
          "attributes": {
            "backend_address_pool_id": "/subscriptions/ead9421c-092d-4518-bbce-2bfaa44590f5/resourceGroups/terraform-src/providers/Microsoft.Network/loadBalancers/terrafrom_sulabs_src_loadbalancer/backendAddressPools/sulabs_src_terrafrom_backend_addresspool",
            "id": "/subscriptions/ead9421c-092d-4518-bbce-2bfaa44590f5/resourceGroups/terraform-src/providers/Microsoft.Network/networkInterfaces/terraform_sulabs_nic_1/ipConfigurations/sulabs_src_backend_ip_configuration|/subscriptions/ead9421c-092d-4518-bbce-2bfaa44590f5/resourceGroups/terraform-src/providers/Microsoft.Network/loadBalancers/terrafrom_sulabs_src_loadbalancer/backendAddressPools/sulabs_src_terrafrom_backend_addresspool",
            "ip_configuration_name": "sulabs_src_backend_ip_configuration",
            "network_interface_id": "/subscriptions/ead9421c-092d-4518-bbce-2bfaa44590f5/resourceGroups/terraform-src/providers/Microsoft.Network/networkInterfaces/terraform_sulabs_nic_1",
            "timeouts": null
          },
          "sensitive_attributes": [],
          "private": "eyJlMmJmYjczMC1lY2FhLTExZTYtOGY4OC0zNDM2M2JjN2M0YzAiOnsiY3JlYXRlIjoxODAwMDAwMDAwMDAwLCJkZWxldGUiOjE4MDAwMDAwMDAwMDAsInJlYWQiOjMwMDAwMDAwMDAwMCwidXBkYXRlIjoxODAwMDAwMDAwMDAwfX0=",
          "dependencies": [
            "azurerm_lb.sulabs_src_terrafrom_app_lb",
            "azurerm_lb_backend_address_pool.sulabs_src_terraform_backendpool",
            "azurerm_network_interface.sulabs_src_terraform",
            "azurerm_public_ip.sulabs_src_terraform",
            "azurerm_subnet.sulabs_src_subnet",
            "azurerm_virtual_network.sulabs_src_vnet",
            "random_string.fqdn"
          ]
        }
      ]
    },
    {
      "mode": "managed",
      "type": "azurerm_public_ip",
      "name": "sulabs_src_terraform",
      "provider": "provider[\"registry.terraform.io/hashicorp/azurerm\"]",
      "instances": [
        {
          "schema_version": 0,
          "attributes": {
            "allocation_method": "Static",
            "domain_name_label": "pqfazt",
            "fqdn": "pqfazt.francecentral.cloudapp.azure.com",
            "id": "/subscriptions/ead9421c-092d-4518-bbce-2bfaa44590f5/resourceGroups/terraform-src/providers/Microsoft.Network/publicIPAddresses/terraform_sulabs_src_public_ip",
            "idle_timeout_in_minutes": 4,
            "ip_address": "40.89.130.156",
            "ip_tags": null,
            "ip_version": "IPv4",
            "location": "francecentral",
            "name": "terraform_sulabs_src_public_ip",
            "public_ip_prefix_id": null,
            "resource_group_name": "terraform-src",
            "reverse_fqdn": "",
            "sku": "Basic",
            "tags": null,
            "timeouts": null,
            "zones": null
          },
          "sensitive_attributes": [],
          "private": "eyJlMmJmYjczMC1lY2FhLTExZTYtOGY4OC0zNDM2M2JjN2M0YzAiOnsiY3JlYXRlIjoxODAwMDAwMDAwMDAwLCJkZWxldGUiOjE4MDAwMDAwMDAwMDAsInJlYWQiOjMwMDAwMDAwMDAwMCwidXBkYXRlIjoxODAwMDAwMDAwMDAwfX0=",
          "dependencies": [
            "random_string.fqdn"
          ]
        }
      ]
    },
    {
      "mode": "managed",
      "type": "azurerm_public_ip",
      "name": "sulabs_src_terraform_jumpbox_public_ip",
      "provider": "provider[\"registry.terraform.io/hashicorp/azurerm\"]",
      "instances": [
        {
          "schema_version": 0,
          "attributes": {
            "allocation_method": "Static",
            "domain_name_label": "pqfazt-ssh",
            "fqdn": "pqfazt-ssh.francecentral.cloudapp.azure.com",
            "id": "/subscriptions/ead9421c-092d-4518-bbce-2bfaa44590f5/resourceGroups/terraform-src/providers/Microsoft.Network/publicIPAddresses/terraform_sulabs_jumpbox_public_ip",
            "idle_timeout_in_minutes": 4,
            "ip_address": "40.89.168.145",
            "ip_tags": null,
            "ip_version": "IPv4",
            "location": "francecentral",
            "name": "terraform_sulabs_jumpbox_public_ip",
            "public_ip_prefix_id": null,
            "resource_group_name": "terraform-src",
            "reverse_fqdn": "",
            "sku": "Basic",
            "tags": null,
            "timeouts": null,
            "zones": null
          },
          "sensitive_attributes": [],
          "private": "eyJlMmJmYjczMC1lY2FhLTExZTYtOGY4OC0zNDM2M2JjN2M0YzAiOnsiY3JlYXRlIjoxODAwMDAwMDAwMDAwLCJkZWxldGUiOjE4MDAwMDAwMDAwMDAsInJlYWQiOjMwMDAwMDAwMDAwMCwidXBkYXRlIjoxODAwMDAwMDAwMDAwfX0=",
          "dependencies": [
            "random_string.fqdn"
          ]
        }
      ]
    },
    {
      "mode": "managed",
      "type": "azurerm_resource_group",
      "name": "sulabs_src",
      "provider": "provider[\"registry.terraform.io/hashicorp/azurerm\"]",
      "instances": [
        {
          "schema_version": 0,
          "attributes": {
            "id": "/subscriptions/ead9421c-092d-4518-bbce-2bfaa44590f5/resourceGroups/terraform-src",
            "location": "francecentral",
            "name": "terraform-src",
            "tags": {},
            "timeouts": null
          },
          "sensitive_attributes": [],
          "private": "eyJlMmJmYjczMC1lY2FhLTExZTYtOGY4OC0zNDM2M2JjN2M0YzAiOnsiY3JlYXRlIjo1NDAwMDAwMDAwMDAwLCJkZWxldGUiOjU0MDAwMDAwMDAwMDAsInJlYWQiOjMwMDAwMDAwMDAwMCwidXBkYXRlIjo1NDAwMDAwMDAwMDAwfX0="
        }
      ]
    },
    {
      "mode": "managed",
      "type": "azurerm_subnet",
      "name": "sulabs_src_subnet",
      "provider": "provider[\"registry.terraform.io/hashicorp/azurerm\"]",
      "instances": [
        {
          "schema_version": 0,
          "attributes": {
            "address_prefix": "10.0.2.0/24",
            "address_prefixes": [
              "10.0.2.0/24"
            ],
            "delegation": [],
            "enforce_private_link_endpoint_network_policies": false,
            "enforce_private_link_service_network_policies": false,
            "id": "/subscriptions/ead9421c-092d-4518-bbce-2bfaa44590f5/resourceGroups/terraform-src/providers/Microsoft.Network/virtualNetworks/terraform_sulabs_src_vnet/subnets/terraform_sulabs_src_subnet",
            "name": "terraform_sulabs_src_subnet",
            "resource_group_name": "terraform-src",
            "service_endpoint_policy_ids": null,
            "service_endpoints": null,
            "timeouts": null,
            "virtual_network_name": "terraform_sulabs_src_vnet"
          },
          "sensitive_attributes": [],
          "private": "eyJlMmJmYjczMC1lY2FhLTExZTYtOGY4OC0zNDM2M2JjN2M0YzAiOnsiY3JlYXRlIjoxODAwMDAwMDAwMDAwLCJkZWxldGUiOjE4MDAwMDAwMDAwMDAsInJlYWQiOjMwMDAwMDAwMDAwMCwidXBkYXRlIjoxODAwMDAwMDAwMDAwfX0=",
          "dependencies": [
            "azurerm_virtual_network.sulabs_src_vnet"
          ]
        }
      ]
    },
    {
      "mode": "managed",
      "type": "azurerm_virtual_machine",
      "name": "sulabs_src_terraform",
      "provider": "provider[\"registry.terraform.io/hashicorp/azurerm\"]",
      "instances": [
        {
          "index_key": 0,
          "schema_version": 0,
          "attributes": {
            "additional_capabilities": [],
            "availability_set_id": "/subscriptions/ead9421c-092d-4518-bbce-2bfaa44590f5/resourcegroups/terraform-src/providers/microsoft.compute/availabilitysets/terraform_sulabs_src_avset",
            "boot_diagnostics": [],
            "delete_data_disks_on_termination": false,
            "delete_os_disk_on_termination": false,
            "id": "/subscriptions/ead9421c-092d-4518-bbce-2bfaa44590f5/resourceGroups/terraform-src/providers/Microsoft.Compute/virtualMachines/terraform_sulabs_src_vm_0",
            "identity": [],
            "license_type": null,
            "location": "francecentral",
            "name": "terraform_sulabs_src_vm_0",
            "network_interface_ids": [
              "/subscriptions/ead9421c-092d-4518-bbce-2bfaa44590f5/resourceGroups/terraform-src/providers/Microsoft.Network/networkInterfaces/terraform_sulabs_nic_0"
            ],
            "os_profile": [
              {
                "admin_password": "",
                "admin_username": "sciencesu",
                "computer_name": "web-0",
                "custom_data": "c6bb81c22228cd4373987b19886fd31a5e8dd45b"
              }
            ],
            "os_profile_linux_config": [
              {
                "disable_password_authentication": true,
                "ssh_keys": [
                  {
                    "key_data": "ssh-rsa AAAAB3NzaC1yc2EAAAADAQABAAABAQDPr7Ah/le4Y2XZryOpOj6GNXuh/dkoqzd6pPe7kQYtkeO+CBXB1NNaRJUkpBULjf6bfhyjroPK6iSltHNJPCRSuoBRU+jc2X6eaEVLCqwNX95EKd2+mdOVCxwo719L5oebK6bbcC5kuK7ENPgCh+1+5ehoBPMX16D1d8RNhMNSW7hsEIxM324D5JaJOGCqAGp/Nn/RZEH9m7tXwmVOKQN+F1539yvSb3RJMOQqBwB+a5nKIGL14yK17hPi3UDqEjeBscS4obmUtkQMZqq015fGOQ7v1iIFZfg9N56VxXCaZf7ivf5QyWCO8xLrlfyfb1OCzr9oSR2/4cZTO9SlYW8H root@c39393a8aeda\n",
                    "path": "/home/sciencesu/.ssh/authorized_keys"
                  }
                ]
              }
            ],
            "os_profile_secrets": [],
            "os_profile_windows_config": [],
            "plan": [],
            "primary_network_interface_id": null,
            "proximity_placement_group_id": null,
            "resource_group_name": "terraform-src",
            "storage_data_disk": [],
            "storage_image_reference": [
              {
                "id": "",
                "offer": "debian-10",
                "publisher": "Debian",
                "sku": "10",
                "version": "latest"
              }
            ],
            "storage_os_disk": [
              {
                "caching": "ReadWrite",
                "create_option": "FromImage",
                "disk_size_gb": 30,
                "image_uri": "",
                "managed_disk_id": "/subscriptions/ead9421c-092d-4518-bbce-2bfaa44590f5/resourceGroups/terraform-src/providers/Microsoft.Compute/disks/terraform_sulabs_src_osdisk_0",
                "managed_disk_type": "Standard_LRS",
                "name": "terraform_sulabs_src_osdisk_0",
                "os_type": "Linux",
                "vhd_uri": "",
                "write_accelerator_enabled": false
              }
            ],
            "tags": {
              "ansible_group": "web",
              "environment": "labs"
            },
            "timeouts": null,
            "vm_size": "Standard_B1ls",
            "zones": null
          },
          "sensitive_attributes": [],
          "private": "eyJlMmJmYjczMC1lY2FhLTExZTYtOGY4OC0zNDM2M2JjN2M0YzAiOnsiY3JlYXRlIjozNjAwMDAwMDAwMDAwLCJkZWxldGUiOjM2MDAwMDAwMDAwMDAsInJlYWQiOjMwMDAwMDAwMDAwMCwidXBkYXRlIjozNjAwMDAwMDAwMDAwfX0=",
          "dependencies": [
            "azurerm_availability_set.sulabs_src_terraform_avset",
            "azurerm_network_interface.sulabs_src_terraform",
            "azurerm_subnet.sulabs_src_subnet",
            "azurerm_virtual_network.sulabs_src_vnet"
          ]
        },
        {
          "index_key": 1,
          "schema_version": 0,
          "attributes": {
            "additional_capabilities": [],
            "availability_set_id": "/subscriptions/ead9421c-092d-4518-bbce-2bfaa44590f5/resourcegroups/terraform-src/providers/microsoft.compute/availabilitysets/terraform_sulabs_src_avset",
            "boot_diagnostics": [],
            "delete_data_disks_on_termination": false,
            "delete_os_disk_on_termination": false,
            "id": "/subscriptions/ead9421c-092d-4518-bbce-2bfaa44590f5/resourceGroups/terraform-src/providers/Microsoft.Compute/virtualMachines/terraform_sulabs_src_vm_1",
            "identity": [],
            "license_type": null,
            "location": "francecentral",
            "name": "terraform_sulabs_src_vm_1",
            "network_interface_ids": [
              "/subscriptions/ead9421c-092d-4518-bbce-2bfaa44590f5/resourceGroups/terraform-src/providers/Microsoft.Network/networkInterfaces/terraform_sulabs_nic_1"
            ],
            "os_profile": [
              {
                "admin_password": "",
                "admin_username": "sciencesu",
                "computer_name": "web-1",
                "custom_data": "c6bb81c22228cd4373987b19886fd31a5e8dd45b"
              }
            ],
            "os_profile_linux_config": [
              {
                "disable_password_authentication": true,
                "ssh_keys": [
                  {
                    "key_data": "ssh-rsa AAAAB3NzaC1yc2EAAAADAQABAAABAQDPr7Ah/le4Y2XZryOpOj6GNXuh/dkoqzd6pPe7kQYtkeO+CBXB1NNaRJUkpBULjf6bfhyjroPK6iSltHNJPCRSuoBRU+jc2X6eaEVLCqwNX95EKd2+mdOVCxwo719L5oebK6bbcC5kuK7ENPgCh+1+5ehoBPMX16D1d8RNhMNSW7hsEIxM324D5JaJOGCqAGp/Nn/RZEH9m7tXwmVOKQN+F1539yvSb3RJMOQqBwB+a5nKIGL14yK17hPi3UDqEjeBscS4obmUtkQMZqq015fGOQ7v1iIFZfg9N56VxXCaZf7ivf5QyWCO8xLrlfyfb1OCzr9oSR2/4cZTO9SlYW8H root@c39393a8aeda\n",
                    "path": "/home/sciencesu/.ssh/authorized_keys"
                  }
                ]
              }
            ],
            "os_profile_secrets": [],
            "os_profile_windows_config": [],
            "plan": [],
            "primary_network_interface_id": null,
            "proximity_placement_group_id": null,
            "resource_group_name": "terraform-src",
            "storage_data_disk": [],
            "storage_image_reference": [
              {
                "id": "",
                "offer": "debian-10",
                "publisher": "Debian",
                "sku": "10",
                "version": "latest"
              }
            ],
            "storage_os_disk": [
              {
                "caching": "ReadWrite",
                "create_option": "FromImage",
                "disk_size_gb": 30,
                "image_uri": "",
                "managed_disk_id": "/subscriptions/ead9421c-092d-4518-bbce-2bfaa44590f5/resourceGroups/terraform-src/providers/Microsoft.Compute/disks/terraform_sulabs_src_osdisk_1",
                "managed_disk_type": "Standard_LRS",
                "name": "terraform_sulabs_src_osdisk_1",
                "os_type": "Linux",
                "vhd_uri": "",
                "write_accelerator_enabled": false
              }
            ],
            "tags": {
              "ansible_group": "web",
              "environment": "labs"
            },
            "timeouts": null,
            "vm_size": "Standard_B1ls",
            "zones": null
          },
          "sensitive_attributes": [],
          "private": "eyJlMmJmYjczMC1lY2FhLTExZTYtOGY4OC0zNDM2M2JjN2M0YzAiOnsiY3JlYXRlIjozNjAwMDAwMDAwMDAwLCJkZWxldGUiOjM2MDAwMDAwMDAwMDAsInJlYWQiOjMwMDAwMDAwMDAwMCwidXBkYXRlIjozNjAwMDAwMDAwMDAwfX0=",
          "dependencies": [
            "azurerm_availability_set.sulabs_src_terraform_avset",
            "azurerm_network_interface.sulabs_src_terraform",
            "azurerm_subnet.sulabs_src_subnet",
            "azurerm_virtual_network.sulabs_src_vnet"
          ]
        }
      ]
    },
    {
      "mode": "managed",
      "type": "azurerm_virtual_machine",
      "name": "sulabs_src_terraform_jumpbox",
      "provider": "provider[\"registry.terraform.io/hashicorp/azurerm\"]",
      "instances": [
        {
          "schema_version": 0,
          "attributes": {
            "additional_capabilities": [],
            "availability_set_id": null,
            "boot_diagnostics": [],
            "delete_data_disks_on_termination": false,
            "delete_os_disk_on_termination": false,
            "id": "/subscriptions/ead9421c-092d-4518-bbce-2bfaa44590f5/resourceGroups/terraform-src/providers/Microsoft.Compute/virtualMachines/jumpbox",
            "identity": [],
            "license_type": null,
            "location": "francecentral",
            "name": "jumpbox",
            "network_interface_ids": [
              "/subscriptions/ead9421c-092d-4518-bbce-2bfaa44590f5/resourceGroups/terraform-src/providers/Microsoft.Network/networkInterfaces/terraform_sulabs_jumpbox_nic"
            ],
            "os_profile": [
              {
                "admin_password": "",
                "admin_username": "sciencesu",
                "computer_name": "Jumpbox",
                "custom_data": ""
              }
            ],
            "os_profile_linux_config": [
              {
                "disable_password_authentication": true,
                "ssh_keys": [
                  {
                    "key_data": "ssh-rsa AAAAB3NzaC1yc2EAAAADAQABAAABAQDPr7Ah/le4Y2XZryOpOj6GNXuh/dkoqzd6pPe7kQYtkeO+CBXB1NNaRJUkpBULjf6bfhyjroPK6iSltHNJPCRSuoBRU+jc2X6eaEVLCqwNX95EKd2+mdOVCxwo719L5oebK6bbcC5kuK7ENPgCh+1+5ehoBPMX16D1d8RNhMNSW7hsEIxM324D5JaJOGCqAGp/Nn/RZEH9m7tXwmVOKQN+F1539yvSb3RJMOQqBwB+a5nKIGL14yK17hPi3UDqEjeBscS4obmUtkQMZqq015fGOQ7v1iIFZfg9N56VxXCaZf7ivf5QyWCO8xLrlfyfb1OCzr9oSR2/4cZTO9SlYW8H root@c39393a8aeda\n",
                    "path": "/home/sciencesu/.ssh/authorized_keys"
                  }
                ]
              }
            ],
            "os_profile_secrets": [],
            "os_profile_windows_config": [],
            "plan": [],
            "primary_network_interface_id": null,
            "proximity_placement_group_id": null,
            "resource_group_name": "terraform-src",
            "storage_data_disk": [],
            "storage_image_reference": [
              {
                "id": "",
                "offer": "debian-10",
                "publisher": "Debian",
                "sku": "10",
                "version": "latest"
              }
            ],
            "storage_os_disk": [
              {
                "caching": "ReadWrite",
                "create_option": "FromImage",
                "disk_size_gb": 30,
                "image_uri": "",
                "managed_disk_id": "/subscriptions/ead9421c-092d-4518-bbce-2bfaa44590f5/resourceGroups/terraform-src/providers/Microsoft.Compute/disks/jumpbox_osdisk",
                "managed_disk_type": "Standard_LRS",
                "name": "jumpbox_osdisk",
                "os_type": "Linux",
                "vhd_uri": "",
                "write_accelerator_enabled": false
              }
            ],
            "tags": {
              "environment": "labs"
            },
            "timeouts": null,
            "vm_size": "Standard_B1ls",
            "zones": null
          },
          "sensitive_attributes": [],
          "private": "eyJlMmJmYjczMC1lY2FhLTExZTYtOGY4OC0zNDM2M2JjN2M0YzAiOnsiY3JlYXRlIjozNjAwMDAwMDAwMDAwLCJkZWxldGUiOjM2MDAwMDAwMDAwMDAsInJlYWQiOjMwMDAwMDAwMDAwMCwidXBkYXRlIjozNjAwMDAwMDAwMDAwfX0=",
          "dependencies": [
            "azurerm_network_interface.sulabs_src_terraform_jumpbox_nic",
            "azurerm_public_ip.sulabs_src_terraform_jumpbox_public_ip",
            "azurerm_subnet.sulabs_src_subnet",
            "azurerm_virtual_network.sulabs_src_vnet",
            "random_string.fqdn"
          ]
        }
      ]
    },
    {
      "mode": "managed",
      "type": "azurerm_virtual_network",
      "name": "sulabs_src_vnet",
      "provider": "provider[\"registry.terraform.io/hashicorp/azurerm\"]",
      "instances": [
        {
          "schema_version": 0,
          "attributes": {
            "address_space": [
              "10.0.0.0/16"
            ],
            "bgp_community": "",
            "ddos_protection_plan": [],
            "dns_servers": null,
            "guid": "61303e29-9893-4b8e-b11d-ca16cae4def9",
            "id": "/subscriptions/ead9421c-092d-4518-bbce-2bfaa44590f5/resourceGroups/terraform-src/providers/Microsoft.Network/virtualNetworks/terraform_sulabs_src_vnet",
            "location": "francecentral",
            "name": "terraform_sulabs_src_vnet",
            "resource_group_name": "terraform-src",
            "subnet": [],
            "tags": {
              "environment": "labs"
            },
            "timeouts": null,
            "vm_protection_enabled": false
          },
          "sensitive_attributes": [],
          "private": "eyJlMmJmYjczMC1lY2FhLTExZTYtOGY4OC0zNDM2M2JjN2M0YzAiOnsiY3JlYXRlIjoxODAwMDAwMDAwMDAwLCJkZWxldGUiOjE4MDAwMDAwMDAwMDAsInJlYWQiOjMwMDAwMDAwMDAwMCwidXBkYXRlIjoxODAwMDAwMDAwMDAwfX0="
        }
      ]
    },
    {
      "mode": "managed",
      "type": "random_string",
      "name": "fqdn",
      "provider": "provider[\"registry.terraform.io/hashicorp/random\"]",
      "instances": [
        {
          "schema_version": 1,
          "attributes": {
            "id": "pqfazt",
            "keepers": null,
            "length": 6,
            "lower": true,
            "min_lower": 0,
            "min_numeric": 0,
            "min_special": 0,
            "min_upper": 0,
            "number": false,
            "override_special": null,
            "result": "pqfazt",
            "special": false,
            "upper": false
          },
          "sensitive_attributes": [],
          "private": "eyJzY2hlbWFfdmVyc2lvbiI6IjEifQ=="
        }
      ]
    }
  ]
}
