{
  "version": 4,
  "terraform_version": "0.15.4",
  "serial": 13,
  "lineage": "a7e22075-b99b-5a57-51f0-601e32519099",
  "outputs": {},
  "resources": [
    {
      "mode": "managed",
      "type": "azurerm_public_ip",
      "name": "sulabs_src_terraform",
      "provider": "provider[\"registry.terraform.io/hashicorp/azurerm\"]",
      "instances": [
        {
          "schema_version": 0,
          "attributes": {
            "allocation_method": "Static",
            "domain_name_label": "wucjeb",
            "fqdn": "wucjeb.francecentral.cloudapp.azure.com",
            "id": "/subscriptions/ead9421c-092d-4518-bbce-2bfaa44590f5/resourceGroups/terraform-src/providers/Microsoft.Network/publicIPAddresses/terraform_sulabs_src_public_ip",
            "idle_timeout_in_minutes": 4,
            "ip_address": "20.199.110.181",
            "ip_tags": null,
            "ip_version": "IPv4",
            "location": "francecentral",
            "name": "terraform_sulabs_src_public_ip",
            "public_ip_prefix_id": null,
            "resource_group_name": "terraform-src",
            "reverse_fqdn": "",
            "sku": "Basic",
            "tags": null,
            "timeouts": null,
            "zones": null
          },
          "sensitive_attributes": [],
          "private": "eyJlMmJmYjczMC1lY2FhLTExZTYtOGY4OC0zNDM2M2JjN2M0YzAiOnsiY3JlYXRlIjoxODAwMDAwMDAwMDAwLCJkZWxldGUiOjE4MDAwMDAwMDAwMDAsInJlYWQiOjMwMDAwMDAwMDAwMCwidXBkYXRlIjoxODAwMDAwMDAwMDAwfX0=",
          "dependencies": [
            "random_string.fqdn"
          ]
        }
      ]
    },
    {
      "mode": "managed",
      "type": "azurerm_resource_group",
      "name": "sulabs_src",
      "provider": "provider[\"registry.terraform.io/hashicorp/azurerm\"]",
      "instances": [
        {
          "schema_version": 0,
          "attributes": {
            "id": "/subscriptions/ead9421c-092d-4518-bbce-2bfaa44590f5/resourceGroups/terraform-src",
            "location": "francecentral",
            "name": "terraform-src",
            "tags": {},
            "timeouts": null
          },
          "sensitive_attributes": [],
          "private": "eyJlMmJmYjczMC1lY2FhLTExZTYtOGY4OC0zNDM2M2JjN2M0YzAiOnsiY3JlYXRlIjo1NDAwMDAwMDAwMDAwLCJkZWxldGUiOjU0MDAwMDAwMDAwMDAsInJlYWQiOjMwMDAwMDAwMDAwMCwidXBkYXRlIjo1NDAwMDAwMDAwMDAwfX0="
        }
      ]
    },
    {
      "mode": "managed",
      "type": "azurerm_subnet",
      "name": "sulabs_src_subnet",
      "provider": "provider[\"registry.terraform.io/hashicorp/azurerm\"]",
      "instances": [
        {
          "schema_version": 0,
          "attributes": {
            "address_prefix": "10.0.2.0/24",
            "address_prefixes": [
              "10.0.2.0/24"
            ],
            "delegation": [],
            "enforce_private_link_endpoint_network_policies": false,
            "enforce_private_link_service_network_policies": false,
            "id": "/subscriptions/ead9421c-092d-4518-bbce-2bfaa44590f5/resourceGroups/terraform-src/providers/Microsoft.Network/virtualNetworks/terraform_sulabs_src_vnet/subnets/terraform_sulabs_src_subnet",
            "name": "terraform_sulabs_src_subnet",
            "resource_group_name": "terraform-src",
            "service_endpoint_policy_ids": null,
            "service_endpoints": null,
            "timeouts": null,
            "virtual_network_name": "terraform_sulabs_src_vnet"
          },
          "sensitive_attributes": [],
          "private": "eyJlMmJmYjczMC1lY2FhLTExZTYtOGY4OC0zNDM2M2JjN2M0YzAiOnsiY3JlYXRlIjoxODAwMDAwMDAwMDAwLCJkZWxldGUiOjE4MDAwMDAwMDAwMDAsInJlYWQiOjMwMDAwMDAwMDAwMCwidXBkYXRlIjoxODAwMDAwMDAwMDAwfX0=",
          "dependencies": [
            "azurerm_virtual_network.sulabs_src_vnet"
          ]
        }
      ]
    },
    {
      "mode": "managed",
      "type": "azurerm_virtual_network",
      "name": "sulabs_src_vnet",
      "provider": "provider[\"registry.terraform.io/hashicorp/azurerm\"]",
      "instances": [
        {
          "schema_version": 0,
          "attributes": {
            "address_space": [
              "10.0.0.0/16"
            ],
            "bgp_community": "",
            "ddos_protection_plan": [],
            "dns_servers": null,
            "guid": "48e7edad-a97b-4984-b21d-ec032d77abcc",
            "id": "/subscriptions/ead9421c-092d-4518-bbce-2bfaa44590f5/resourceGroups/terraform-src/providers/Microsoft.Network/virtualNetworks/terraform_sulabs_src_vnet",
            "location": "francecentral",
            "name": "terraform_sulabs_src_vnet",
            "resource_group_name": "terraform-src",
            "subnet": [],
            "tags": {
              "environment": "labs"
            },
            "timeouts": null,
            "vm_protection_enabled": false
          },
          "sensitive_attributes": [],
          "private": "eyJlMmJmYjczMC1lY2FhLTExZTYtOGY4OC0zNDM2M2JjN2M0YzAiOnsiY3JlYXRlIjoxODAwMDAwMDAwMDAwLCJkZWxldGUiOjE4MDAwMDAwMDAwMDAsInJlYWQiOjMwMDAwMDAwMDAwMCwidXBkYXRlIjoxODAwMDAwMDAwMDAwfX0="
        }
      ]
    },
    {
      "mode": "managed",
      "type": "random_string",
      "name": "fqdn",
      "provider": "provider[\"registry.terraform.io/hashicorp/random\"]",
      "instances": [
        {
          "schema_version": 1,
          "attributes": {
            "id": "wucjeb",
            "keepers": null,
            "length": 6,
            "lower": true,
            "min_lower": 0,
            "min_numeric": 0,
            "min_special": 0,
            "min_upper": 0,
            "number": false,
            "override_special": null,
            "result": "wucjeb",
            "special": false,
            "upper": false
          },
          "sensitive_attributes": [],
          "private": "eyJzY2hlbWFfdmVyc2lvbiI6IjEifQ=="
        }
      ]
    }
  ]
}
